
Microsoft Visual Studio Solution File, Format Version 12.00
# Visual Studio Version 17
VisualStudioVersion = 17.13.35913.81 d17.13
MinimumVisualStudioVersion = 10.0.40219.1
Project("{FAE04EC0-301F-11D3-BF4B-00C04F79EFBC}") = "TeknikAnaliz.NET", "TeknikAnaliz.NET\TeknikAnaliz.NET.csproj", "{A1E67009-E04C-4862-80CA-32F38D3DF5CE}"
EndProject
Project("{FAE04EC0-301F-11D3-BF4B-00C04F79EFBC}") = "TeknikAnaliz.NET.Console", "TeknikAnaliz.NET.Console\TeknikAnaliz.NET.Console.csproj", "{73AEA306-DA54-433A-94E0-ACAB348B8FD1}"
EndProject
Global
	GlobalSection(SolutionConfigurationPlatforms) = preSolution
		Debug|Any CPU = Debug|Any CPU
		Release|Any CPU = Release|Any CPU
	EndGlobalSection
	GlobalSection(ProjectConfigurationPlatforms) = postSolution
		{A1E67009-E04C-4862-80CA-32F38D3DF5CE}.Debug|Any CPU.ActiveCfg = Debug|Any CPU
		{A1E67009-E04C-4862-80CA-32F38D3DF5CE}.Debug|Any CPU.Build.0 = Debug|Any CPU
		{A1E67009-E04C-4862-80CA-32F38D3DF5CE}.Release|Any CPU.ActiveCfg = Release|Any CPU
		{A1E67009-E04C-4862-80CA-32F38D3DF5CE}.Release|Any CPU.Build.0 = Release|Any CPU
		{73AEA306-DA54-433A-94E0-ACAB348B8FD1}.Debug|Any CPU.ActiveCfg = Debug|Any CPU
		{73AEA306-DA54-433A-94E0-ACAB348B8FD1}.Debug|Any CPU.Build.0 = Debug|Any CPU
		{73AEA306-DA54-433A-94E0-ACAB348B8FD1}.Release|Any CPU.ActiveCfg = Release|Any CPU
		{73AEA306-DA54-433A-94E0-ACAB348B8FD1}.Release|Any CPU.Build.0 = Release|Any CPU
	EndGlobalSection
	GlobalSection(SolutionProperties) = preSolution
		HideSolutionNode = FALSE
	EndGlobalSection
	GlobalSection(ExtensibilityGlobals) = postSolution
		SolutionGuid = {4A28D1B7-4F28-4658-B969-6095FDC22BF8}
	EndGlobalSection
EndGlobal
